// !$*UTF8*$!
{
	archiveVersion = 1;
	classes = {
	};
	objectVersion = 51;
	objects = {

/* Begin PBXBuildFile section */
		479B467AB70D79E6DC10DDDC /* Pods_MangaRock.framework in Frameworks */ = {isa = PBXBuildFile; fileRef = 4BBCBACB37AF4CD41EDE8A46 /* Pods_MangaRock.framework */; };
		8B0FAC3D22D9DD73003F9EBE /* MangaRequestAPIProtocol.swift in Sources */ = {isa = PBXBuildFile; fileRef = 8B0FAC3C22D9DD73003F9EBE /* MangaRequestAPIProtocol.swift */; };
		8B0FAC3F22D9DDAA003F9EBE /* MangaCoredataRequestAPI.swift in Sources */ = {isa = PBXBuildFile; fileRef = 8B0FAC3E22D9DDAA003F9EBE /* MangaCoredataRequestAPI.swift */; };
		8B0FAC4122D9DDC9003F9EBE /* MangaHTTPRequestAPI.swift in Sources */ = {isa = PBXBuildFile; fileRef = 8B0FAC4022D9DDC9003F9EBE /* MangaHTTPRequestAPI.swift */; };
		8B0FAC4422D9DE05003F9EBE /* HTTPService.swift in Sources */ = {isa = PBXBuildFile; fileRef = 8B0FAC4322D9DE05003F9EBE /* HTTPService.swift */; };
		8B0FAC4622D9DE12003F9EBE /* CoredataService.swift in Sources */ = {isa = PBXBuildFile; fileRef = 8B0FAC4522D9DE12003F9EBE /* CoredataService.swift */; };
		8B0FAC4822D9DE31003F9EBE /* MangaManager.swift in Sources */ = {isa = PBXBuildFile; fileRef = 8B0FAC4722D9DE31003F9EBE /* MangaManager.swift */; };
		8B0FAC4D22D9E0C3003F9EBE /* CharacterViewModel.swift in Sources */ = {isa = PBXBuildFile; fileRef = 8B0FAC4C22D9E0C3003F9EBE /* CharacterViewModel.swift */; };
		8B0FAC5222D9E68B003F9EBE /* SVManaga.swift in Sources */ = {isa = PBXBuildFile; fileRef = 8B0FAC5122D9E68B003F9EBE /* SVManaga.swift */; };
		8B0FAC5422D9E6EC003F9EBE /* SVCharacter.swift in Sources */ = {isa = PBXBuildFile; fileRef = 8B0FAC5322D9E6EC003F9EBE /* SVCharacter.swift */; };
		8B0FAC5722D9E782003F9EBE /* Result.swift in Sources */ = {isa = PBXBuildFile; fileRef = 8B0FAC5622D9E782003F9EBE /* Result.swift */; };
		8B0FAC5922D9E7F1003F9EBE /* CommonBlockTypes.swift in Sources */ = {isa = PBXBuildFile; fileRef = 8B0FAC5822D9E7F1003F9EBE /* CommonBlockTypes.swift */; };
		8B0FAC5B22D9E9C1003F9EBE /* DefinedTypes.swift in Sources */ = {isa = PBXBuildFile; fileRef = 8B0FAC5A22D9E9C1003F9EBE /* DefinedTypes.swift */; };
		8B0FAC5D22D9EAB1003F9EBE /* MangaCoredataRequestAPIProtocol.swift in Sources */ = {isa = PBXBuildFile; fileRef = 8B0FAC5C22D9EAB1003F9EBE /* MangaCoredataRequestAPIProtocol.swift */; };
		8B0FAC5F22D9F6A7003F9EBE /* ServerUpdatableProtocol.swift in Sources */ = {isa = PBXBuildFile; fileRef = 8B0FAC5E22D9F6A7003F9EBE /* ServerUpdatableProtocol.swift */; };
		8B0FAC6122D9F711003F9EBE /* ServerModelProtocol.swift in Sources */ = {isa = PBXBuildFile; fileRef = 8B0FAC6022D9F711003F9EBE /* ServerModelProtocol.swift */; };
		8B0FAC6522D9F7E3003F9EBE /* MangaViewModel.swift in Sources */ = {isa = PBXBuildFile; fileRef = 8B0FAC6422D9F7E3003F9EBE /* MangaViewModel.swift */; };
		8B31169022D9F9D300CC9ADB /* CDManga.swift in Sources */ = {isa = PBXBuildFile; fileRef = 8B31168F22D9F9D300CC9ADB /* CDManga.swift */; };
		8B31169222D9F9F900CC9ADB /* CDCharacter.swift in Sources */ = {isa = PBXBuildFile; fileRef = 8B31169122D9F9F900CC9ADB /* CDCharacter.swift */; };
		8B31169522D9FBD600CC9ADB /* ModelUpdater.swift in Sources */ = {isa = PBXBuildFile; fileRef = 8B31169422D9FBD600CC9ADB /* ModelUpdater.swift */; };
		8B31169822DA081500CC9ADB /* BaseCoreDataStack.swift in Sources */ = {isa = PBXBuildFile; fileRef = 8B31169722DA081500CC9ADB /* BaseCoreDataStack.swift */; };
		8B31169A22DA08DB00CC9ADB /* ParallelCoredataContext.swift in Sources */ = {isa = PBXBuildFile; fileRef = 8B31169922DA08DB00CC9ADB /* ParallelCoredataContext.swift */; };
		8B31169C22DA090E00CC9ADB /* MultiContextStack.swift in Sources */ = {isa = PBXBuildFile; fileRef = 8B31169B22DA090E00CC9ADB /* MultiContextStack.swift */; };
		8B31169E22DA096400CC9ADB /* ManagedObject.swift in Sources */ = {isa = PBXBuildFile; fileRef = 8B31169D22DA096400CC9ADB /* ManagedObject.swift */; };
		8B3116A222DA119600CC9ADB /* ErrorFormatable.swift in Sources */ = {isa = PBXBuildFile; fileRef = 8B3116A122DA119600CC9ADB /* ErrorFormatable.swift */; };
		8B3116A422DA11FC00CC9ADB /* CoreDataError.swift in Sources */ = {isa = PBXBuildFile; fileRef = 8B3116A322DA11FC00CC9ADB /* CoreDataError.swift */; };
		8B3116A622DA33AE00CC9ADB /* CommonError.swift in Sources */ = {isa = PBXBuildFile; fileRef = 8B3116A522DA33AE00CC9ADB /* CommonError.swift */; };
		8B3116A922DA495F00CC9ADB /* Bootstrap.swift in Sources */ = {isa = PBXBuildFile; fileRef = 8B3116A822DA495F00CC9ADB /* Bootstrap.swift */; };
		8B3116B222DA5D3B00CC9ADB /* MangaManagerTests.swift in Sources */ = {isa = PBXBuildFile; fileRef = 8B3116B122DA5D3B00CC9ADB /* MangaManagerTests.swift */; };
		8BB6A21922DA01BC008AF0EF /* ViewModelProtocol.swift in Sources */ = {isa = PBXBuildFile; fileRef = 8BB6A21822DA01BC008AF0EF /* ViewModelProtocol.swift */; };
		8BB6A21B22DA01DF008AF0EF /* CoreData+ObjectID.swift in Sources */ = {isa = PBXBuildFile; fileRef = 8BB6A21A22DA01DF008AF0EF /* CoreData+ObjectID.swift */; };
		F971180A221F02D7003F57B5 /* Assets.xcassets in Resources */ = {isa = PBXBuildFile; fileRef = F97117FF221F02D7003F57B5 /* Assets.xcassets */; };
		F9711810221F0355003F57B5 /* LaunchScreen.storyboard in Resources */ = {isa = PBXBuildFile; fileRef = F9711812221F0355003F57B5 /* LaunchScreen.storyboard */; };
		F9711826221F03F1003F57B5 /* MRMangaInfoCollectionViewController.swift in Sources */ = {isa = PBXBuildFile; fileRef = F971181A221F03F1003F57B5 /* MRMangaInfoCollectionViewController.swift */; };
		F9711827221F03F1003F57B5 /* Main.storyboard in Resources */ = {isa = PBXBuildFile; fileRef = F971181B221F03F1003F57B5 /* Main.storyboard */; };
		F9711828221F03F1003F57B5 /* MRAllMangaTableViewController.swift in Sources */ = {isa = PBXBuildFile; fileRef = F971181E221F03F1003F57B5 /* MRAllMangaTableViewController.swift */; };
		F9711829221F03F1003F57B5 /* MRMangaTableViewCell.swift in Sources */ = {isa = PBXBuildFile; fileRef = F971181F221F03F1003F57B5 /* MRMangaTableViewCell.swift */; };
		F971182A221F03F1003F57B5 /* MangaRock.sqlite-wal in Resources */ = {isa = PBXBuildFile; fileRef = F9711821221F03F1003F57B5 /* MangaRock.sqlite-wal */; };
		F971182B221F03F1003F57B5 /* MangaRock.sqlite in Resources */ = {isa = PBXBuildFile; fileRef = F9711822221F03F1003F57B5 /* MangaRock.sqlite */; };
		F971182C221F03F1003F57B5 /* MangaRock.xcdatamodeld in Sources */ = {isa = PBXBuildFile; fileRef = F9711823221F03F1003F57B5 /* MangaRock.xcdatamodeld */; };
		F971182D221F03F1003F57B5 /* AppDelegate.swift in Sources */ = {isa = PBXBuildFile; fileRef = F9711825221F03F1003F57B5 /* AppDelegate.swift */; };
/* End PBXBuildFile section */

/* Begin PBXContainerItemProxy section */
		8B3116B422DA5D3B00CC9ADB /* PBXContainerItemProxy */ = {
			isa = PBXContainerItemProxy;
			containerPortal = F90A1B2A2217DF2600EFF735 /* Project object */;
			proxyType = 1;
			remoteGlobalIDString = F90A1B312217DF2600EFF735;
			remoteInfo = MangaRock;
		};
/* End PBXContainerItemProxy section */

/* Begin PBXFileReference section */
		4BBCBACB37AF4CD41EDE8A46 /* Pods_MangaRock.framework */ = {isa = PBXFileReference; explicitFileType = wrapper.framework; includeInIndex = 0; path = Pods_MangaRock.framework; sourceTree = BUILT_PRODUCTS_DIR; };
		61FA0DAD25BAC2975BC16D52 /* Pods-MangaRock.debug.xcconfig */ = {isa = PBXFileReference; includeInIndex = 1; lastKnownFileType = text.xcconfig; name = "Pods-MangaRock.debug.xcconfig"; path = "Target Support Files/Pods-MangaRock/Pods-MangaRock.debug.xcconfig"; sourceTree = "<group>"; };
		642BEC294D938B95B914BDB1 /* Pods-MangaRock.release.xcconfig */ = {isa = PBXFileReference; includeInIndex = 1; lastKnownFileType = text.xcconfig; name = "Pods-MangaRock.release.xcconfig"; path = "Target Support Files/Pods-MangaRock/Pods-MangaRock.release.xcconfig"; sourceTree = "<group>"; };
		8B0FAC3C22D9DD73003F9EBE /* MangaRequestAPIProtocol.swift */ = {isa = PBXFileReference; lastKnownFileType = sourcecode.swift; path = MangaRequestAPIProtocol.swift; sourceTree = "<group>"; };
		8B0FAC3E22D9DDAA003F9EBE /* MangaCoredataRequestAPI.swift */ = {isa = PBXFileReference; lastKnownFileType = sourcecode.swift; path = MangaCoredataRequestAPI.swift; sourceTree = "<group>"; };
		8B0FAC4022D9DDC9003F9EBE /* MangaHTTPRequestAPI.swift */ = {isa = PBXFileReference; lastKnownFileType = sourcecode.swift; path = MangaHTTPRequestAPI.swift; sourceTree = "<group>"; };
		8B0FAC4322D9DE05003F9EBE /* HTTPService.swift */ = {isa = PBXFileReference; lastKnownFileType = sourcecode.swift; path = HTTPService.swift; sourceTree = "<group>"; };
		8B0FAC4522D9DE12003F9EBE /* CoredataService.swift */ = {isa = PBXFileReference; lastKnownFileType = sourcecode.swift; path = CoredataService.swift; sourceTree = "<group>"; };
		8B0FAC4722D9DE31003F9EBE /* MangaManager.swift */ = {isa = PBXFileReference; lastKnownFileType = sourcecode.swift; path = MangaManager.swift; sourceTree = "<group>"; };
		8B0FAC4C22D9E0C3003F9EBE /* CharacterViewModel.swift */ = {isa = PBXFileReference; lastKnownFileType = sourcecode.swift; path = CharacterViewModel.swift; sourceTree = "<group>"; };
		8B0FAC5122D9E68B003F9EBE /* SVManaga.swift */ = {isa = PBXFileReference; lastKnownFileType = sourcecode.swift; path = SVManaga.swift; sourceTree = "<group>"; };
		8B0FAC5322D9E6EC003F9EBE /* SVCharacter.swift */ = {isa = PBXFileReference; lastKnownFileType = sourcecode.swift; path = SVCharacter.swift; sourceTree = "<group>"; };
		8B0FAC5622D9E782003F9EBE /* Result.swift */ = {isa = PBXFileReference; lastKnownFileType = sourcecode.swift; path = Result.swift; sourceTree = "<group>"; };
		8B0FAC5822D9E7F1003F9EBE /* CommonBlockTypes.swift */ = {isa = PBXFileReference; lastKnownFileType = sourcecode.swift; path = CommonBlockTypes.swift; sourceTree = "<group>"; };
		8B0FAC5A22D9E9C1003F9EBE /* DefinedTypes.swift */ = {isa = PBXFileReference; lastKnownFileType = sourcecode.swift; path = DefinedTypes.swift; sourceTree = "<group>"; };
		8B0FAC5C22D9EAB1003F9EBE /* MangaCoredataRequestAPIProtocol.swift */ = {isa = PBXFileReference; lastKnownFileType = sourcecode.swift; path = MangaCoredataRequestAPIProtocol.swift; sourceTree = "<group>"; };
		8B0FAC5E22D9F6A7003F9EBE /* ServerUpdatableProtocol.swift */ = {isa = PBXFileReference; lastKnownFileType = sourcecode.swift; path = ServerUpdatableProtocol.swift; sourceTree = "<group>"; };
		8B0FAC6022D9F711003F9EBE /* ServerModelProtocol.swift */ = {isa = PBXFileReference; lastKnownFileType = sourcecode.swift; path = ServerModelProtocol.swift; sourceTree = "<group>"; };
		8B0FAC6422D9F7E3003F9EBE /* MangaViewModel.swift */ = {isa = PBXFileReference; fileEncoding = 4; lastKnownFileType = sourcecode.swift; path = MangaViewModel.swift; sourceTree = "<group>"; };
		8B31168F22D9F9D300CC9ADB /* CDManga.swift */ = {isa = PBXFileReference; lastKnownFileType = sourcecode.swift; path = CDManga.swift; sourceTree = "<group>"; };
		8B31169122D9F9F900CC9ADB /* CDCharacter.swift */ = {isa = PBXFileReference; lastKnownFileType = sourcecode.swift; path = CDCharacter.swift; sourceTree = "<group>"; };
		8B31169422D9FBD600CC9ADB /* ModelUpdater.swift */ = {isa = PBXFileReference; lastKnownFileType = sourcecode.swift; path = ModelUpdater.swift; sourceTree = "<group>"; };
		8B31169722DA081500CC9ADB /* BaseCoreDataStack.swift */ = {isa = PBXFileReference; lastKnownFileType = sourcecode.swift; path = BaseCoreDataStack.swift; sourceTree = "<group>"; };
		8B31169922DA08DB00CC9ADB /* ParallelCoredataContext.swift */ = {isa = PBXFileReference; lastKnownFileType = sourcecode.swift; path = ParallelCoredataContext.swift; sourceTree = "<group>"; };
		8B31169B22DA090E00CC9ADB /* MultiContextStack.swift */ = {isa = PBXFileReference; lastKnownFileType = sourcecode.swift; path = MultiContextStack.swift; sourceTree = "<group>"; };
		8B31169D22DA096400CC9ADB /* ManagedObject.swift */ = {isa = PBXFileReference; lastKnownFileType = sourcecode.swift; path = ManagedObject.swift; sourceTree = "<group>"; };
		8B3116A122DA119600CC9ADB /* ErrorFormatable.swift */ = {isa = PBXFileReference; lastKnownFileType = sourcecode.swift; path = ErrorFormatable.swift; sourceTree = "<group>"; };
		8B3116A322DA11FC00CC9ADB /* CoreDataError.swift */ = {isa = PBXFileReference; lastKnownFileType = sourcecode.swift; path = CoreDataError.swift; sourceTree = "<group>"; };
		8B3116A522DA33AE00CC9ADB /* CommonError.swift */ = {isa = PBXFileReference; lastKnownFileType = sourcecode.swift; path = CommonError.swift; sourceTree = "<group>"; };
		8B3116A822DA495F00CC9ADB /* Bootstrap.swift */ = {isa = PBXFileReference; lastKnownFileType = sourcecode.swift; path = Bootstrap.swift; sourceTree = "<group>"; };
		8B3116AA22DA5A2500CC9ADB /* MangaRock2.xcdatamodel */ = {isa = PBXFileReference; lastKnownFileType = wrapper.xcdatamodel; path = MangaRock2.xcdatamodel; sourceTree = "<group>"; };
		8B3116AF22DA5D3B00CC9ADB /* MangaRockTests.xctest */ = {isa = PBXFileReference; explicitFileType = wrapper.cfbundle; includeInIndex = 0; path = MangaRockTests.xctest; sourceTree = BUILT_PRODUCTS_DIR; };
		8B3116B122DA5D3B00CC9ADB /* MangaManagerTests.swift */ = {isa = PBXFileReference; lastKnownFileType = sourcecode.swift; path = MangaManagerTests.swift; sourceTree = "<group>"; };
		8B3116B322DA5D3B00CC9ADB /* Info.plist */ = {isa = PBXFileReference; lastKnownFileType = text.plist.xml; path = Info.plist; sourceTree = "<group>"; };
		8BB6A21822DA01BC008AF0EF /* ViewModelProtocol.swift */ = {isa = PBXFileReference; lastKnownFileType = sourcecode.swift; path = ViewModelProtocol.swift; sourceTree = "<group>"; };
		8BB6A21A22DA01DF008AF0EF /* CoreData+ObjectID.swift */ = {isa = PBXFileReference; lastKnownFileType = sourcecode.swift; path = "CoreData+ObjectID.swift"; sourceTree = "<group>"; };
		F90A1B322217DF2600EFF735 /* MangaRock.app */ = {isa = PBXFileReference; explicitFileType = wrapper.application; includeInIndex = 0; path = MangaRock.app; sourceTree = BUILT_PRODUCTS_DIR; };
		F9260D54221F047F00A07BC2 /* Info.plist */ = {isa = PBXFileReference; lastKnownFileType = text.plist.xml; path = Info.plist; sourceTree = "<group>"; };
		F97117FF221F02D7003F57B5 /* Assets.xcassets */ = {isa = PBXFileReference; lastKnownFileType = folder.assetcatalog; path = Assets.xcassets; sourceTree = "<group>"; };
		F9711811221F0355003F57B5 /* Base */ = {isa = PBXFileReference; lastKnownFileType = file.storyboard; name = Base; path = Base.lproj/LaunchScreen.storyboard; sourceTree = "<group>"; };
		F971181A221F03F1003F57B5 /* MRMangaInfoCollectionViewController.swift */ = {isa = PBXFileReference; fileEncoding = 4; lastKnownFileType = sourcecode.swift; path = MRMangaInfoCollectionViewController.swift; sourceTree = "<group>"; };
		F971181C221F03F1003F57B5 /* Base */ = {isa = PBXFileReference; lastKnownFileType = file.storyboard; name = Base; path = Base.lproj/Main.storyboard; sourceTree = "<group>"; };
		F971181E221F03F1003F57B5 /* MRAllMangaTableViewController.swift */ = {isa = PBXFileReference; fileEncoding = 4; lastKnownFileType = sourcecode.swift; path = MRAllMangaTableViewController.swift; sourceTree = "<group>"; };
		F971181F221F03F1003F57B5 /* MRMangaTableViewCell.swift */ = {isa = PBXFileReference; fileEncoding = 4; lastKnownFileType = sourcecode.swift; path = MRMangaTableViewCell.swift; sourceTree = "<group>"; };
		F9711821221F03F1003F57B5 /* MangaRock.sqlite-wal */ = {isa = PBXFileReference; lastKnownFileType = file; path = "MangaRock.sqlite-wal"; sourceTree = "<group>"; };
		F9711822221F03F1003F57B5 /* MangaRock.sqlite */ = {isa = PBXFileReference; lastKnownFileType = file; path = MangaRock.sqlite; sourceTree = "<group>"; };
		F9711824221F03F1003F57B5 /* MangaRock.xcdatamodel */ = {isa = PBXFileReference; lastKnownFileType = wrapper.xcdatamodel; path = MangaRock.xcdatamodel; sourceTree = "<group>"; };
		F9711825221F03F1003F57B5 /* AppDelegate.swift */ = {isa = PBXFileReference; fileEncoding = 4; lastKnownFileType = sourcecode.swift; path = AppDelegate.swift; sourceTree = "<group>"; };
/* End PBXFileReference section */

/* Begin PBXFrameworksBuildPhase section */
		8B3116AC22DA5D3B00CC9ADB /* Frameworks */ = {
			isa = PBXFrameworksBuildPhase;
			buildActionMask = 2147483647;
			files = (
			);
			runOnlyForDeploymentPostprocessing = 0;
		};
		F90A1B2F2217DF2600EFF735 /* Frameworks */ = {
			isa = PBXFrameworksBuildPhase;
			buildActionMask = 2147483647;
			files = (
				479B467AB70D79E6DC10DDDC /* Pods_MangaRock.framework in Frameworks */,
			);
			runOnlyForDeploymentPostprocessing = 0;
		};
/* End PBXFrameworksBuildPhase section */

/* Begin PBXGroup section */
		12DC29C71C02D1F6EF7A8A1B /* Frameworks */ = {
			isa = PBXGroup;
			children = (
				4BBCBACB37AF4CD41EDE8A46 /* Pods_MangaRock.framework */,
			);
			name = Frameworks;
			sourceTree = "<group>";
		};
		2F254D423436F9620367DBF2 /* Pods */ = {
			isa = PBXGroup;
			children = (
				61FA0DAD25BAC2975BC16D52 /* Pods-MangaRock.debug.xcconfig */,
				642BEC294D938B95B914BDB1 /* Pods-MangaRock.release.xcconfig */,
			);
			name = Pods;
			path = Pods;
			sourceTree = "<group>";
		};
		8B0FAC3922D9DD4A003F9EBE /* Services */ = {
			isa = PBXGroup;
			children = (
				8B31169622DA07FE00CC9ADB /* CoreData */,
				8B0FAC4322D9DE05003F9EBE /* HTTPService.swift */,
			);
			path = Services;
			sourceTree = "<group>";
		};
		8B0FAC3A22D9DD56003F9EBE /* Managers */ = {
			isa = PBXGroup;
			children = (
				8B0FAC4722D9DE31003F9EBE /* MangaManager.swift */,
				8B3116A822DA495F00CC9ADB /* Bootstrap.swift */,
			);
			path = Managers;
			sourceTree = "<group>";
		};
		8B0FAC3B22D9DD5E003F9EBE /* Manga */ = {
			isa = PBXGroup;
			children = (
				8B0FAC3C22D9DD73003F9EBE /* MangaRequestAPIProtocol.swift */,
				8B0FAC5C22D9EAB1003F9EBE /* MangaCoredataRequestAPIProtocol.swift */,
				8B0FAC3E22D9DDAA003F9EBE /* MangaCoredataRequestAPI.swift */,
			);
			path = Manga;
			sourceTree = "<group>";
		};
		8B0FAC4222D9DDF0003F9EBE /* APIs */ = {
			isa = PBXGroup;
			children = (
				8B0FAC3B22D9DD5E003F9EBE /* Manga */,
			);
			path = APIs;
			sourceTree = "<group>";
		};
		8B0FAC4922D9DE9C003F9EBE /* Models */ = {
			isa = PBXGroup;
			children = (
				8B31169322D9FB6900CC9ADB /* ModelUpdater */,
				8B31168E22D9F9C400CC9ADB /* CoreDataModels */,
				8B0FAC5022D9E65D003F9EBE /* ServerModels */,
				8B0FAC4F22D9E650003F9EBE /* ViewModels */,
			);
			path = Models;
			sourceTree = "<group>";
		};
		8B0FAC4F22D9E650003F9EBE /* ViewModels */ = {
			isa = PBXGroup;
			children = (
				8B0FAC6422D9F7E3003F9EBE /* MangaViewModel.swift */,
				8B0FAC4C22D9E0C3003F9EBE /* CharacterViewModel.swift */,
				8BB6A21822DA01BC008AF0EF /* ViewModelProtocol.swift */,
			);
			path = ViewModels;
			sourceTree = "<group>";
		};
		8B0FAC5022D9E65D003F9EBE /* ServerModels */ = {
			isa = PBXGroup;
			children = (
				8B0FAC5122D9E68B003F9EBE /* SVManaga.swift */,
				8B0FAC5322D9E6EC003F9EBE /* SVCharacter.swift */,
				8B0FAC6022D9F711003F9EBE /* ServerModelProtocol.swift */,
			);
			path = ServerModels;
			sourceTree = "<group>";
		};
		8B0FAC5522D9E772003F9EBE /* Utils */ = {
			isa = PBXGroup;
			children = (
				8B0FAC5622D9E782003F9EBE /* Result.swift */,
				8B0FAC5822D9E7F1003F9EBE /* CommonBlockTypes.swift */,
				8B0FAC5A22D9E9C1003F9EBE /* DefinedTypes.swift */,
			);
			path = Utils;
			sourceTree = "<group>";
		};
		8B31168E22D9F9C400CC9ADB /* CoreDataModels */ = {
			isa = PBXGroup;
			children = (
				8B31168F22D9F9D300CC9ADB /* CDManga.swift */,
				8B31169122D9F9F900CC9ADB /* CDCharacter.swift */,
				8BB6A21A22DA01DF008AF0EF /* CoreData+ObjectID.swift */,
			);
			path = CoreDataModels;
			sourceTree = "<group>";
		};
		8B31169322D9FB6900CC9ADB /* ModelUpdater */ = {
			isa = PBXGroup;
			children = (
				8B0FAC5E22D9F6A7003F9EBE /* ServerUpdatableProtocol.swift */,
				8B31169422D9FBD600CC9ADB /* ModelUpdater.swift */,
			);
			path = ModelUpdater;
			sourceTree = "<group>";
		};
		8B31169622DA07FE00CC9ADB /* CoreData */ = {
			isa = PBXGroup;
			children = (
				8B31169F22DA099E00CC9ADB /* CoreDataStack+Ext */,
				8B0FAC4522D9DE12003F9EBE /* CoredataService.swift */,
			);
			path = CoreData;
			sourceTree = "<group>";
		};
		8B31169F22DA099E00CC9ADB /* CoreDataStack+Ext */ = {
			isa = PBXGroup;
			children = (
				8B31169D22DA096400CC9ADB /* ManagedObject.swift */,
				8B31169922DA08DB00CC9ADB /* ParallelCoredataContext.swift */,
				8B31169B22DA090E00CC9ADB /* MultiContextStack.swift */,
				8B31169722DA081500CC9ADB /* BaseCoreDataStack.swift */,
			);
			path = "CoreDataStack+Ext";
			sourceTree = "<group>";
		};
		8B3116A022DA113500CC9ADB /* Errors */ = {
			isa = PBXGroup;
			children = (
				8B3116A122DA119600CC9ADB /* ErrorFormatable.swift */,
				8B3116A322DA11FC00CC9ADB /* CoreDataError.swift */,
				8B3116A522DA33AE00CC9ADB /* CommonError.swift */,
			);
			path = Errors;
			sourceTree = "<group>";
		};
		8B3116B022DA5D3B00CC9ADB /* MangaRockTests */ = {
			isa = PBXGroup;
			children = (
				8B3116B122DA5D3B00CC9ADB /* MangaManagerTests.swift */,
				8B3116B322DA5D3B00CC9ADB /* Info.plist */,
			);
			path = MangaRockTests;
			sourceTree = "<group>";
		};
		F90A1B292217DF2600EFF735 = {
			isa = PBXGroup;
			children = (
				F90A1B342217DF2600EFF735 /* MangaRock */,
				8B3116B022DA5D3B00CC9ADB /* MangaRockTests */,
				F90A1B332217DF2600EFF735 /* Products */,
				2F254D423436F9620367DBF2 /* Pods */,
				12DC29C71C02D1F6EF7A8A1B /* Frameworks */,
			);
			sourceTree = "<group>";
		};
		F90A1B332217DF2600EFF735 /* Products */ = {
			isa = PBXGroup;
			children = (
				F90A1B322217DF2600EFF735 /* MangaRock.app */,
				8B3116AF22DA5D3B00CC9ADB /* MangaRockTests.xctest */,
			);
			name = Products;
			sourceTree = "<group>";
		};
		F90A1B342217DF2600EFF735 /* MangaRock */ = {
			isa = PBXGroup;
			children = (
				F9711817221F03F1003F57B5 /* Classes */,
				F9711814221F0381003F57B5 /* Resources */,
				F9711813221F036A003F57B5 /* Supporting Files */,
			);
			path = MangaRock;
			sourceTree = "<group>";
		};
		F9711813221F036A003F57B5 /* Supporting Files */ = {
			isa = PBXGroup;
			children = (
				F9260D54221F047F00A07BC2 /* Info.plist */,
				F9711812221F0355003F57B5 /* LaunchScreen.storyboard */,
			);
			name = "Supporting Files";
			sourceTree = "<group>";
		};
		F9711814221F0381003F57B5 /* Resources */ = {
			isa = PBXGroup;
			children = (
				F97117FF221F02D7003F57B5 /* Assets.xcassets */,
			);
			name = Resources;
			sourceTree = "<group>";
		};
		F9711817221F03F1003F57B5 /* Classes */ = {
			isa = PBXGroup;
			children = (
				8B3116A022DA113500CC9ADB /* Errors */,
				8B0FAC5522D9E772003F9EBE /* Utils */,
				8B0FAC4922D9DE9C003F9EBE /* Models */,
				8B0FAC4222D9DDF0003F9EBE /* APIs */,
				8B0FAC3A22D9DD56003F9EBE /* Managers */,
				8B0FAC3922D9DD4A003F9EBE /* Services */,
				F9711825221F03F1003F57B5 /* AppDelegate.swift */,
				F9711818221F03F1003F57B5 /* UI */,
				F9711820221F03F1003F57B5 /* Backend */,
			);
			path = Classes;
			sourceTree = "<group>";
		};
		F9711818221F03F1003F57B5 /* UI */ = {
			isa = PBXGroup;
			children = (
				F971181B221F03F1003F57B5 /* Main.storyboard */,
				F971181D221F03F1003F57B5 /* AllManga */,
				F9711819221F03F1003F57B5 /* MangaInfo */,
			);
			path = UI;
			sourceTree = "<group>";
		};
		F9711819221F03F1003F57B5 /* MangaInfo */ = {
			isa = PBXGroup;
			children = (
				F971181A221F03F1003F57B5 /* MRMangaInfoCollectionViewController.swift */,
			);
			path = MangaInfo;
			sourceTree = "<group>";
		};
		F971181D221F03F1003F57B5 /* AllManga */ = {
			isa = PBXGroup;
			children = (
				F971181E221F03F1003F57B5 /* MRAllMangaTableViewController.swift */,
				F971181F221F03F1003F57B5 /* MRMangaTableViewCell.swift */,
			);
			path = AllManga;
			sourceTree = "<group>";
		};
		F9711820221F03F1003F57B5 /* Backend */ = {
			isa = PBXGroup;
			children = (
				8B0FAC4022D9DDC9003F9EBE /* MangaHTTPRequestAPI.swift */,
				F9711823221F03F1003F57B5 /* MangaRock.xcdatamodeld */,
				F9711821221F03F1003F57B5 /* MangaRock.sqlite-wal */,
				F9711822221F03F1003F57B5 /* MangaRock.sqlite */,
			);
			path = Backend;
			sourceTree = "<group>";
		};
/* End PBXGroup section */

/* Begin PBXNativeTarget section */
		8B3116AE22DA5D3B00CC9ADB /* MangaRockTests */ = {
			isa = PBXNativeTarget;
			buildConfigurationList = 8B3116B622DA5D3B00CC9ADB /* Build configuration list for PBXNativeTarget "MangaRockTests" */;
			buildPhases = (
				8B3116AB22DA5D3B00CC9ADB /* Sources */,
				8B3116AC22DA5D3B00CC9ADB /* Frameworks */,
				8B3116AD22DA5D3B00CC9ADB /* Resources */,
			);
			buildRules = (
			);
			dependencies = (
				8B3116B522DA5D3B00CC9ADB /* PBXTargetDependency */,
			);
			name = MangaRockTests;
			productName = MangaRockTests;
			productReference = 8B3116AF22DA5D3B00CC9ADB /* MangaRockTests.xctest */;
			productType = "com.apple.product-type.bundle.unit-test";
		};
		F90A1B312217DF2600EFF735 /* MangaRock */ = {
			isa = PBXNativeTarget;
			buildConfigurationList = F90A1B492217DF2600EFF735 /* Build configuration list for PBXNativeTarget "MangaRock" */;
			buildPhases = (
				BBFA1B0CE808C560BC932758 /* [CP] Check Pods Manifest.lock */,
				F90A1B2E2217DF2600EFF735 /* Sources */,
				F90A1B2F2217DF2600EFF735 /* Frameworks */,
				F90A1B302217DF2600EFF735 /* Resources */,
				8E2016DC358DC991D97E2BA1 /* [CP] Embed Pods Frameworks */,
			);
			buildRules = (
			);
			dependencies = (
			);
			name = MangaRock;
			productName = MangaRock;
			productReference = F90A1B322217DF2600EFF735 /* MangaRock.app */;
			productType = "com.apple.product-type.application";
		};
/* End PBXNativeTarget section */

/* Begin PBXProject section */
		F90A1B2A2217DF2600EFF735 /* Project object */ = {
			isa = PBXProject;
			attributes = {
				CLASSPREFIX = MR;
				LastSwiftUpdateCheck = 1020;
				LastUpgradeCheck = 1010;
				ORGANIZATIONNAME = "Vien Tran";
				TargetAttributes = {
					8B3116AE22DA5D3B00CC9ADB = {
						CreatedOnToolsVersion = 10.2.1;
						TestTargetID = F90A1B312217DF2600EFF735;
					};
					F90A1B312217DF2600EFF735 = {
						CreatedOnToolsVersion = 10.1;
					};
				};
			};
			buildConfigurationList = F90A1B2D2217DF2600EFF735 /* Build configuration list for PBXProject "MangaRock" */;
			compatibilityVersion = "Xcode 9.3";
			developmentRegion = en;
			hasScannedForEncodings = 0;
			knownRegions = (
				en,
				Base,
			);
			mainGroup = F90A1B292217DF2600EFF735;
			productRefGroup = F90A1B332217DF2600EFF735 /* Products */;
			projectDirPath = "";
			projectRoot = "";
			targets = (
				F90A1B312217DF2600EFF735 /* MangaRock */,
				8B3116AE22DA5D3B00CC9ADB /* MangaRockTests */,
			);
		};
/* End PBXProject section */

/* Begin PBXResourcesBuildPhase section */
		8B3116AD22DA5D3B00CC9ADB /* Resources */ = {
			isa = PBXResourcesBuildPhase;
			buildActionMask = 2147483647;
			files = (
			);
			runOnlyForDeploymentPostprocessing = 0;
		};
		F90A1B302217DF2600EFF735 /* Resources */ = {
			isa = PBXResourcesBuildPhase;
			buildActionMask = 2147483647;
			files = (
				F9711810221F0355003F57B5 /* LaunchScreen.storyboard in Resources */,
				F971182B221F03F1003F57B5 /* MangaRock.sqlite in Resources */,
				F971182A221F03F1003F57B5 /* MangaRock.sqlite-wal in Resources */,
				F971180A221F02D7003F57B5 /* Assets.xcassets in Resources */,
				F9711827221F03F1003F57B5 /* Main.storyboard in Resources */,
			);
			runOnlyForDeploymentPostprocessing = 0;
		};
/* End PBXResourcesBuildPhase section */

/* Begin PBXShellScriptBuildPhase section */
		8E2016DC358DC991D97E2BA1 /* [CP] Embed Pods Frameworks */ = {
			isa = PBXShellScriptBuildPhase;
			buildActionMask = 2147483647;
			files = (
			);
			inputFileListPaths = (
			);
			inputPaths = (
				"${PODS_ROOT}/Target Support Files/Pods-MangaRock/Pods-MangaRock-frameworks.sh",
				"${BUILT_PRODUCTS_DIR}/SDWebImage/SDWebImage.framework",
			);
			name = "[CP] Embed Pods Frameworks";
			outputFileListPaths = (
			);
			outputPaths = (
				"${TARGET_BUILD_DIR}/${FRAMEWORKS_FOLDER_PATH}/SDWebImage.framework",
			);
			runOnlyForDeploymentPostprocessing = 0;
			shellPath = /bin/sh;
			shellScript = "\"${PODS_ROOT}/Target Support Files/Pods-MangaRock/Pods-MangaRock-frameworks.sh\"\n";
			showEnvVarsInLog = 0;
		};
		BBFA1B0CE808C560BC932758 /* [CP] Check Pods Manifest.lock */ = {
			isa = PBXShellScriptBuildPhase;
			buildActionMask = 2147483647;
			files = (
			);
			inputFileListPaths = (
			);
			inputPaths = (
				"${PODS_PODFILE_DIR_PATH}/Podfile.lock",
				"${PODS_ROOT}/Manifest.lock",
			);
			name = "[CP] Check Pods Manifest.lock";
			outputFileListPaths = (
			);
			outputPaths = (
				"$(DERIVED_FILE_DIR)/Pods-MangaRock-checkManifestLockResult.txt",
			);
			runOnlyForDeploymentPostprocessing = 0;
			shellPath = /bin/sh;
			shellScript = "diff \"${PODS_PODFILE_DIR_PATH}/Podfile.lock\" \"${PODS_ROOT}/Manifest.lock\" > /dev/null\nif [ $? != 0 ] ; then\n    # print error to STDERR\n    echo \"error: The sandbox is not in sync with the Podfile.lock. Run 'pod install' or update your CocoaPods installation.\" >&2\n    exit 1\nfi\n# This output is used by Xcode 'outputs' to avoid re-running this script phase.\necho \"SUCCESS\" > \"${SCRIPT_OUTPUT_FILE_0}\"\n";
			showEnvVarsInLog = 0;
		};
/* End PBXShellScriptBuildPhase section */

/* Begin PBXSourcesBuildPhase section */
		8B3116AB22DA5D3B00CC9ADB /* Sources */ = {
			isa = PBXSourcesBuildPhase;
			buildActionMask = 2147483647;
			files = (
				8B3116B222DA5D3B00CC9ADB /* MangaManagerTests.swift in Sources */,
			);
			runOnlyForDeploymentPostprocessing = 0;
		};
		F90A1B2E2217DF2600EFF735 /* Sources */ = {
			isa = PBXSourcesBuildPhase;
			buildActionMask = 2147483647;
			files = (
				8B3116A922DA495F00CC9ADB /* Bootstrap.swift in Sources */,
				8B0FAC4622D9DE12003F9EBE /* CoredataService.swift in Sources */,
				8B0FAC4822D9DE31003F9EBE /* MangaManager.swift in Sources */,
				8B31169E22DA096400CC9ADB /* ManagedObject.swift in Sources */,
				F9711826221F03F1003F57B5 /* MRMangaInfoCollectionViewController.swift in Sources */,
				8B0FAC5222D9E68B003F9EBE /* SVManaga.swift in Sources */,
				F971182C221F03F1003F57B5 /* MangaRock.xcdatamodeld in Sources */,
				8B31169022D9F9D300CC9ADB /* CDManga.swift in Sources */,
				8BB6A21922DA01BC008AF0EF /* ViewModelProtocol.swift in Sources */,
				8BB6A21B22DA01DF008AF0EF /* CoreData+ObjectID.swift in Sources */,
				8B0FAC5922D9E7F1003F9EBE /* CommonBlockTypes.swift in Sources */,
				8B3116A222DA119600CC9ADB /* ErrorFormatable.swift in Sources */,
				8B0FAC3F22D9DDAA003F9EBE /* MangaCoredataRequestAPI.swift in Sources */,
				8B31169222D9F9F900CC9ADB /* CDCharacter.swift in Sources */,
				8B3116A622DA33AE00CC9ADB /* CommonError.swift in Sources */,
				8B0FAC5B22D9E9C1003F9EBE /* DefinedTypes.swift in Sources */,
				8B0FAC5722D9E782003F9EBE /* Result.swift in Sources */,
				8B0FAC5F22D9F6A7003F9EBE /* ServerUpdatableProtocol.swift in Sources */,
				8B0FAC5D22D9EAB1003F9EBE /* MangaCoredataRequestAPIProtocol.swift in Sources */,
				8B0FAC4122D9DDC9003F9EBE /* MangaHTTPRequestAPI.swift in Sources */,
				F9711828221F03F1003F57B5 /* MRAllMangaTableViewController.swift in Sources */,
				8B0FAC5422D9E6EC003F9EBE /* SVCharacter.swift in Sources */,
				F971182D221F03F1003F57B5 /* AppDelegate.swift in Sources */,
				8B0FAC4D22D9E0C3003F9EBE /* CharacterViewModel.swift in Sources */,
				8B0FAC4422D9DE05003F9EBE /* HTTPService.swift in Sources */,
				8B31169522D9FBD600CC9ADB /* ModelUpdater.swift in Sources */,
				8B31169C22DA090E00CC9ADB /* MultiContextStack.swift in Sources */,
				8B31169822DA081500CC9ADB /* BaseCoreDataStack.swift in Sources */,
				F9711829221F03F1003F57B5 /* MRMangaTableViewCell.swift in Sources */,
				8B3116A422DA11FC00CC9ADB /* CoreDataError.swift in Sources */,
				8B0FAC3D22D9DD73003F9EBE /* MangaRequestAPIProtocol.swift in Sources */,
				8B31169A22DA08DB00CC9ADB /* ParallelCoredataContext.swift in Sources */,
				8B0FAC6122D9F711003F9EBE /* ServerModelProtocol.swift in Sources */,
				8B0FAC6522D9F7E3003F9EBE /* MangaViewModel.swift in Sources */,
			);
			runOnlyForDeploymentPostprocessing = 0;
		};
/* End PBXSourcesBuildPhase section */

/* Begin PBXTargetDependency section */
		8B3116B522DA5D3B00CC9ADB /* PBXTargetDependency */ = {
			isa = PBXTargetDependency;
			target = F90A1B312217DF2600EFF735 /* MangaRock */;
			targetProxy = 8B3116B422DA5D3B00CC9ADB /* PBXContainerItemProxy */;
		};
/* End PBXTargetDependency section */

/* Begin PBXVariantGroup section */
		F9711812221F0355003F57B5 /* LaunchScreen.storyboard */ = {
			isa = PBXVariantGroup;
			children = (
				F9711811221F0355003F57B5 /* Base */,
			);
			name = LaunchScreen.storyboard;
			sourceTree = "<group>";
		};
		F971181B221F03F1003F57B5 /* Main.storyboard */ = {
			isa = PBXVariantGroup;
			children = (
				F971181C221F03F1003F57B5 /* Base */,
			);
			name = Main.storyboard;
			sourceTree = "<group>";
		};
/* End PBXVariantGroup section */

/* Begin XCBuildConfiguration section */
		8B3116B722DA5D3B00CC9ADB /* Debug */ = {
			isa = XCBuildConfiguration;
			buildSettings = {
				BUNDLE_LOADER = "$(TEST_HOST)";
				CODE_SIGN_STYLE = Automatic;
				DEVELOPMENT_TEAM = 73AW3CKSVG;
				INFOPLIST_FILE = MangaRockTests/Info.plist;
				IPHONEOS_DEPLOYMENT_TARGET = 12.2;
				LD_RUNPATH_SEARCH_PATHS = (
					"$(inherited)",
					"@executable_path/Frameworks",
					"@loader_path/Frameworks",
				);
				PRODUCT_BUNDLE_IDENTIFIER = com.tranthicamgiang.bug.reporter.MangaRockTests;
				PRODUCT_NAME = "$(TARGET_NAME)";
				SWIFT_VERSION = 5.0;
				TARGETED_DEVICE_FAMILY = "1,2";
				TEST_HOST = "$(BUILT_PRODUCTS_DIR)/MangaRock.app/MangaRock";
			};
			name = Debug;
		};
		8B3116B822DA5D3B00CC9ADB /* Release */ = {
			isa = XCBuildConfiguration;
			buildSettings = {
				BUNDLE_LOADER = "$(TEST_HOST)";
				CODE_SIGN_STYLE = Automatic;
				DEVELOPMENT_TEAM = 73AW3CKSVG;
				INFOPLIST_FILE = MangaRockTests/Info.plist;
				IPHONEOS_DEPLOYMENT_TARGET = 12.2;
				LD_RUNPATH_SEARCH_PATHS = (
					"$(inherited)",
					"@executable_path/Frameworks",
					"@loader_path/Frameworks",
				);
				PRODUCT_BUNDLE_IDENTIFIER = com.tranthicamgiang.bug.reporter.MangaRockTests;
				PRODUCT_NAME = "$(TARGET_NAME)";
				SWIFT_VERSION = 5.0;
				TARGETED_DEVICE_FAMILY = "1,2";
				TEST_HOST = "$(BUILT_PRODUCTS_DIR)/MangaRock.app/MangaRock";
			};
			name = Release;
		};
		F90A1B472217DF2600EFF735 /* Debug */ = {
			isa = XCBuildConfiguration;
			buildSettings = {
				ALWAYS_SEARCH_USER_PATHS = NO;
				CLANG_ANALYZER_NONNULL = YES;
				CLANG_ANALYZER_NUMBER_OBJECT_CONVERSION = YES_AGGRESSIVE;
				CLANG_CXX_LANGUAGE_STANDARD = "gnu++14";
				CLANG_CXX_LIBRARY = "libc++";
				CLANG_ENABLE_MODULES = YES;
				CLANG_ENABLE_OBJC_ARC = YES;
				CLANG_ENABLE_OBJC_WEAK = YES;
				CLANG_WARN_BLOCK_CAPTURE_AUTORELEASING = YES;
				CLANG_WARN_BOOL_CONVERSION = YES;
				CLANG_WARN_COMMA = YES;
				CLANG_WARN_CONSTANT_CONVERSION = YES;
				CLANG_WARN_DEPRECATED_OBJC_IMPLEMENTATIONS = YES;
				CLANG_WARN_DIRECT_OBJC_ISA_USAGE = YES_ERROR;
				CLANG_WARN_DOCUMENTATION_COMMENTS = YES;
				CLANG_WARN_EMPTY_BODY = YES;
				CLANG_WARN_ENUM_CONVERSION = YES;
				CLANG_WARN_INFINITE_RECURSION = YES;
				CLANG_WARN_INT_CONVERSION = YES;
				CLANG_WARN_NON_LITERAL_NULL_CONVERSION = YES;
				CLANG_WARN_OBJC_IMPLICIT_RETAIN_SELF = YES;
				CLANG_WARN_OBJC_LITERAL_CONVERSION = YES;
				CLANG_WARN_OBJC_ROOT_CLASS = YES_ERROR;
				CLANG_WARN_RANGE_LOOP_ANALYSIS = YES;
				CLANG_WARN_STRICT_PROTOTYPES = YES;
				CLANG_WARN_SUSPICIOUS_MOVE = YES;
				CLANG_WARN_UNGUARDED_AVAILABILITY = YES_AGGRESSIVE;
				CLANG_WARN_UNREACHABLE_CODE = YES;
				CLANG_WARN__DUPLICATE_METHOD_MATCH = YES;
				CODE_SIGN_IDENTITY = "iPhone Developer";
				COPY_PHASE_STRIP = NO;
				DEBUG_INFORMATION_FORMAT = dwarf;
				ENABLE_STRICT_OBJC_MSGSEND = YES;
				ENABLE_TESTABILITY = YES;
				GCC_C_LANGUAGE_STANDARD = gnu11;
				GCC_DYNAMIC_NO_PIC = NO;
				GCC_NO_COMMON_BLOCKS = YES;
				GCC_OPTIMIZATION_LEVEL = 0;
				GCC_PREPROCESSOR_DEFINITIONS = (
					"DEBUG=1",
					"$(inherited)",
				);
				GCC_WARN_64_TO_32_BIT_CONVERSION = YES;
				GCC_WARN_ABOUT_RETURN_TYPE = YES_ERROR;
				GCC_WARN_UNDECLARED_SELECTOR = YES;
				GCC_WARN_UNINITIALIZED_AUTOS = YES_AGGRESSIVE;
				GCC_WARN_UNUSED_FUNCTION = YES;
				GCC_WARN_UNUSED_VARIABLE = YES;
				IPHONEOS_DEPLOYMENT_TARGET = 12.1;
				MTL_ENABLE_DEBUG_INFO = INCLUDE_SOURCE;
				MTL_FAST_MATH = YES;
				ONLY_ACTIVE_ARCH = YES;
				SDKROOT = iphoneos;
				SWIFT_ACTIVE_COMPILATION_CONDITIONS = DEBUG;
				SWIFT_OPTIMIZATION_LEVEL = "-Onone";
			};
			name = Debug;
		};
		F90A1B482217DF2600EFF735 /* Release */ = {
			isa = XCBuildConfiguration;
			buildSettings = {
				ALWAYS_SEARCH_USER_PATHS = NO;
				CLANG_ANALYZER_NONNULL = YES;
				CLANG_ANALYZER_NUMBER_OBJECT_CONVERSION = YES_AGGRESSIVE;
				CLANG_CXX_LANGUAGE_STANDARD = "gnu++14";
				CLANG_CXX_LIBRARY = "libc++";
				CLANG_ENABLE_MODULES = YES;
				CLANG_ENABLE_OBJC_ARC = YES;
				CLANG_ENABLE_OBJC_WEAK = YES;
				CLANG_WARN_BLOCK_CAPTURE_AUTORELEASING = YES;
				CLANG_WARN_BOOL_CONVERSION = YES;
				CLANG_WARN_COMMA = YES;
				CLANG_WARN_CONSTANT_CONVERSION = YES;
				CLANG_WARN_DEPRECATED_OBJC_IMPLEMENTATIONS = YES;
				CLANG_WARN_DIRECT_OBJC_ISA_USAGE = YES_ERROR;
				CLANG_WARN_DOCUMENTATION_COMMENTS = YES;
				CLANG_WARN_EMPTY_BODY = YES;
				CLANG_WARN_ENUM_CONVERSION = YES;
				CLANG_WARN_INFINITE_RECURSION = YES;
				CLANG_WARN_INT_CONVERSION = YES;
				CLANG_WARN_NON_LITERAL_NULL_CONVERSION = YES;
				CLANG_WARN_OBJC_IMPLICIT_RETAIN_SELF = YES;
				CLANG_WARN_OBJC_LITERAL_CONVERSION = YES;
				CLANG_WARN_OBJC_ROOT_CLASS = YES_ERROR;
				CLANG_WARN_RANGE_LOOP_ANALYSIS = YES;
				CLANG_WARN_STRICT_PROTOTYPES = YES;
				CLANG_WARN_SUSPICIOUS_MOVE = YES;
				CLANG_WARN_UNGUARDED_AVAILABILITY = YES_AGGRESSIVE;
				CLANG_WARN_UNREACHABLE_CODE = YES;
				CLANG_WARN__DUPLICATE_METHOD_MATCH = YES;
				CODE_SIGN_IDENTITY = "iPhone Developer";
				COPY_PHASE_STRIP = NO;
				DEBUG_INFORMATION_FORMAT = "dwarf-with-dsym";
				ENABLE_NS_ASSERTIONS = NO;
				ENABLE_STRICT_OBJC_MSGSEND = YES;
				GCC_C_LANGUAGE_STANDARD = gnu11;
				GCC_NO_COMMON_BLOCKS = YES;
				GCC_WARN_64_TO_32_BIT_CONVERSION = YES;
				GCC_WARN_ABOUT_RETURN_TYPE = YES_ERROR;
				GCC_WARN_UNDECLARED_SELECTOR = YES;
				GCC_WARN_UNINITIALIZED_AUTOS = YES_AGGRESSIVE;
				GCC_WARN_UNUSED_FUNCTION = YES;
				GCC_WARN_UNUSED_VARIABLE = YES;
				IPHONEOS_DEPLOYMENT_TARGET = 12.1;
				MTL_ENABLE_DEBUG_INFO = NO;
				MTL_FAST_MATH = YES;
				SDKROOT = iphoneos;
				SWIFT_COMPILATION_MODE = wholemodule;
				SWIFT_OPTIMIZATION_LEVEL = "-O";
				VALIDATE_PRODUCT = YES;
			};
			name = Release;
		};
		F90A1B4A2217DF2600EFF735 /* Debug */ = {
			isa = XCBuildConfiguration;
			baseConfigurationReference = 61FA0DAD25BAC2975BC16D52 /* Pods-MangaRock.debug.xcconfig */;
			buildSettings = {
				ASSETCATALOG_COMPILER_APPICON_NAME = AppIcon;
				CODE_SIGN_STYLE = Automatic;
				DEVELOPMENT_TEAM = REVG7H6XV6;
				INFOPLIST_FILE = MangaRock/Info.plist;
				LD_RUNPATH_SEARCH_PATHS = (
					"$(inherited)",
					"@executable_path/Frameworks",
				);
				PRODUCT_BUNDLE_IDENTIFIER = com.tranthicamgiang.mangarock;
				PRODUCT_NAME = "$(TARGET_NAME)";
				SWIFT_VERSION = 4.2;
				TARGETED_DEVICE_FAMILY = 1;
			};
			name = Debug;
		};
		F90A1B4B2217DF2600EFF735 /* Release */ = {
			isa = XCBuildConfiguration;
			baseConfigurationReference = 642BEC294D938B95B914BDB1 /* Pods-MangaRock.release.xcconfig */;
			buildSettings = {
				ASSETCATALOG_COMPILER_APPICON_NAME = AppIcon;
				CODE_SIGN_STYLE = Automatic;
				DEVELOPMENT_TEAM = REVG7H6XV6;
				INFOPLIST_FILE = MangaRock/Info.plist;
				LD_RUNPATH_SEARCH_PATHS = (
					"$(inherited)",
					"@executable_path/Frameworks",
				);
				PRODUCT_BUNDLE_IDENTIFIER = com.tranthicamgiang.mangarock;
				PRODUCT_NAME = "$(TARGET_NAME)";
				SWIFT_VERSION = 4.2;
				TARGETED_DEVICE_FAMILY = 1;
			};
			name = Release;
		};
/* End XCBuildConfiguration section */

/* Begin XCConfigurationList section */
		8B3116B622DA5D3B00CC9ADB /* Build configuration list for PBXNativeTarget "MangaRockTests" */ = {
			isa = XCConfigurationList;
			buildConfigurations = (
				8B3116B722DA5D3B00CC9ADB /* Debug */,
				8B3116B822DA5D3B00CC9ADB /* Release */,
			);
			defaultConfigurationIsVisible = 0;
			defaultConfigurationName = Release;
		};
		F90A1B2D2217DF2600EFF735 /* Build configuration list for PBXProject "MangaRock" */ = {
			isa = XCConfigurationList;
			buildConfigurations = (
				F90A1B472217DF2600EFF735 /* Debug */,
				F90A1B482217DF2600EFF735 /* Release */,
			);
			defaultConfigurationIsVisible = 0;
			defaultConfigurationName = Release;
		};
		F90A1B492217DF2600EFF735 /* Build configuration list for PBXNativeTarget "MangaRock" */ = {
			isa = XCConfigurationList;
			buildConfigurations = (
				F90A1B4A2217DF2600EFF735 /* Debug */,
				F90A1B4B2217DF2600EFF735 /* Release */,
			);
			defaultConfigurationIsVisible = 0;
			defaultConfigurationName = Release;
		};
/* End XCConfigurationList section */

/* Begin XCVersionGroup section */
		F9711823221F03F1003F57B5 /* MangaRock.xcdatamodeld */ = {
			isa = XCVersionGroup;
			children = (
				8B3116AA22DA5A2500CC9ADB /* MangaRock2.xcdatamodel */,
				F9711824221F03F1003F57B5 /* MangaRock.xcdatamodel */,
			);
			currentVersion = 8B3116AA22DA5A2500CC9ADB /* MangaRock2.xcdatamodel */;
			path = MangaRock.xcdatamodeld;
			sourceTree = "<group>";
			versionGroupType = wrapper.xcdatamodel;
		};
/* End XCVersionGroup section */
	};
	rootObject = F90A1B2A2217DF2600EFF735 /* Project object */;
}
